// !$*UTF8*$!
{
	archiveVersion = 1;
	classes = {
	};
	objectVersion = 46;
	objects = {

/* Begin PBXBuildFile section */
		BDFBC25A1D413C3000C779E8 /* AppDelegate.swift in Sources */ = {isa = PBXBuildFile; fileRef = BDFBC2591D413C3000C779E8 /* AppDelegate.swift */; };
		BDFBC25F1D413C3000C779E8 /* Main.storyboard in Resources */ = {isa = PBXBuildFile; fileRef = BDFBC25D1D413C3000C779E8 /* Main.storyboard */; };
		BDFBC2611D413C3000C779E8 /* Assets.xcassets in Resources */ = {isa = PBXBuildFile; fileRef = BDFBC2601D413C3000C779E8 /* Assets.xcassets */; };
		BDFBC2641D413C3000C779E8 /* LaunchScreen.storyboard in Resources */ = {isa = PBXBuildFile; fileRef = BDFBC2621D413C3000C779E8 /* LaunchScreen.storyboard */; };
		BDFBC26C1D413C5800C779E8 /* TableViewController.swift in Sources */ = {isa = PBXBuildFile; fileRef = BDFBC26B1D413C5800C779E8 /* TableViewController.swift */; };
		BDFBC26F1D413CA500C779E8 /* GroceryItem.swift in Sources */ = {isa = PBXBuildFile; fileRef = BDFBC26E1D413CA500C779E8 /* GroceryItem.swift */; };
		BDFBC2711D414BAF00C779E8 /* ViewController.swift in Sources */ = {isa = PBXBuildFile; fileRef = BDFBC2701D414BAF00C779E8 /* ViewController.swift */; };
/* End PBXBuildFile section */

/* Begin PBXFileReference section */
		BDFBC2561D413C3000C779E8 /* ios-swift-intro-to-tableviews.app */ = {isa = PBXFileReference; explicitFileType = wrapper.application; includeInIndex = 0; path = "ios-swift-intro-to-tableviews.app"; sourceTree = BUILT_PRODUCTS_DIR; };
		BDFBC2591D413C3000C779E8 /* AppDelegate.swift */ = {isa = PBXFileReference; lastKnownFileType = sourcecode.swift; path = AppDelegate.swift; sourceTree = "<group>"; };
		BDFBC25E1D413C3000C779E8 /* Base */ = {isa = PBXFileReference; lastKnownFileType = file.storyboard; name = Base; path = Base.lproj/Main.storyboard; sourceTree = "<group>"; };
		BDFBC2601D413C3000C779E8 /* Assets.xcassets */ = {isa = PBXFileReference; lastKnownFileType = folder.assetcatalog; path = Assets.xcassets; sourceTree = "<group>"; };
		BDFBC2631D413C3000C779E8 /* Base */ = {isa = PBXFileReference; lastKnownFileType = file.storyboard; name = Base; path = Base.lproj/LaunchScreen.storyboard; sourceTree = "<group>"; };
		BDFBC2651D413C3000C779E8 /* Info.plist */ = {isa = PBXFileReference; lastKnownFileType = text.plist.xml; path = Info.plist; sourceTree = "<group>"; };
		BDFBC26B1D413C5800C779E8 /* TableViewController.swift */ = {isa = PBXFileReference; fileEncoding = 4; lastKnownFileType = sourcecode.swift; path = TableViewController.swift; sourceTree = "<group>"; };
		BDFBC26E1D413CA500C779E8 /* GroceryItem.swift */ = {isa = PBXFileReference; fileEncoding = 4; lastKnownFileType = sourcecode.swift; path = GroceryItem.swift; sourceTree = "<group>"; };
		BDFBC2701D414BAF00C779E8 /* ViewController.swift */ = {isa = PBXFileReference; fileEncoding = 4; lastKnownFileType = sourcecode.swift; path = ViewController.swift; sourceTree = "<group>"; };
/* End PBXFileReference section */

/* Begin PBXFrameworksBuildPhase section */
		BDFBC2531D413C3000C779E8 /* Frameworks */ = {
			isa = PBXFrameworksBuildPhase;
			buildActionMask = 2147483647;
			files = (
			);
			runOnlyForDeploymentPostprocessing = 0;
		};
/* End PBXFrameworksBuildPhase section */

/* Begin PBXGroup section */
		BDFBC24D1D413C3000C779E8 = {
			isa = PBXGroup;
			children = (
				BDFBC2581D413C3000C779E8 /* ios-swift-intro-to-tableviews */,
				BDFBC2571D413C3000C779E8 /* Products */,
			);
			sourceTree = "<group>";
		};
		BDFBC2571D413C3000C779E8 /* Products */ = {
			isa = PBXGroup;
			children = (
				BDFBC2561D413C3000C779E8 /* ios-swift-intro-to-tableviews.app */,
			);
			name = Products;
			sourceTree = "<group>";
		};
		BDFBC2581D413C3000C779E8 /* ios-swift-intro-to-tableviews */ = {
			isa = PBXGroup;
			children = (
				BDFBC2591D413C3000C779E8 /* AppDelegate.swift */,
				BDFBC26B1D413C5800C779E8 /* TableViewController.swift */,
				BDFBC2701D414BAF00C779E8 /* ViewController.swift */,
				BDFBC25D1D413C3000C779E8 /* Main.storyboard */,
				BDFBC2601D413C3000C779E8 /* Assets.xcassets */,
				BDFBC2621D413C3000C779E8 /* LaunchScreen.storyboard */,
				BDFBC2651D413C3000C779E8 /* Info.plist */,
				BDFBC26E1D413CA500C779E8 /* GroceryItem.swift */,
			);
			path = "ios-swift-intro-to-tableviews";
			sourceTree = "<group>";
		};
/* End PBXGroup section */

/* Begin PBXNativeTarget section */
		BDFBC2551D413C3000C779E8 /* ios-swift-intro-to-tableviews */ = {
			isa = PBXNativeTarget;
			buildConfigurationList = BDFBC2681D413C3000C779E8 /* Build configuration list for PBXNativeTarget "ios-swift-intro-to-tableviews" */;
			buildPhases = (
				BDFBC2521D413C3000C779E8 /* Sources */,
				BDFBC2531D413C3000C779E8 /* Frameworks */,
				BDFBC2541D413C3000C779E8 /* Resources */,
			);
			buildRules = (
			);
			dependencies = (
			);
			name = "ios-swift-intro-to-tableviews";
			productName = "ios-swift-intro-to-tableviews";
			productReference = BDFBC2561D413C3000C779E8 /* ios-swift-intro-to-tableviews.app */;
			productType = "com.apple.product-type.application";
		};
/* End PBXNativeTarget section */

/* Begin PBXProject section */
		BDFBC24E1D413C3000C779E8 /* Project object */ = {
			isa = PBXProject;
			attributes = {
				LastSwiftUpdateCheck = 0730;
				LastUpgradeCheck = 0730;
				ORGANIZATIONNAME = "Angelica Bato";
				TargetAttributes = {
					BDFBC2551D413C3000C779E8 = {
						CreatedOnToolsVersion = 7.3.1;
					};
				};
			};
			buildConfigurationList = BDFBC2511D413C3000C779E8 /* Build configuration list for PBXProject "ios-swift-intro-to-tableviews" */;
			compatibilityVersion = "Xcode 3.2";
			developmentRegion = English;
			hasScannedForEncodings = 0;
			knownRegions = (
				en,
				Base,
			);
			mainGroup = BDFBC24D1D413C3000C779E8;
			productRefGroup = BDFBC2571D413C3000C779E8 /* Products */;
			projectDirPath = "";
			projectRoot = "";
			targets = (
				BDFBC2551D413C3000C779E8 /* ios-swift-intro-to-tableviews */,
			);
		};
/* End PBXProject section */

/* Begin PBXResourcesBuildPhase section */
		BDFBC2541D413C3000C779E8 /* Resources */ = {
			isa = PBXResourcesBuildPhase;
			buildActionMask = 2147483647;
			files = (
				BDFBC2641D413C3000C779E8 /* LaunchScreen.storyboard in Resources */,
				BDFBC2611D413C3000C779E8 /* Assets.xcassets in Resources */,
				BDFBC25F1D413C3000C779E8 /* Main.storyboard in Resources */,
			);
			runOnlyForDeploymentPostprocessing = 0;
		};
/* End PBXResourcesBuildPhase section */

/* Begin PBXSourcesBuildPhase section */
		BDFBC2521D413C3000C779E8 /* Sources */ = {
			isa = PBXSourcesBuildPhase;
			buildActionMask = 2147483647;
			files = (
				BDFBC25A1D413C3000C779E8 /* AppDelegate.swift in Sources */,
				BDFBC26F1D413CA500C779E8 /* GroceryItem.swift in Sources */,
				BDFBC2711D414BAF00C779E8 /* ViewController.swift in Sources */,
				BDFBC26C1D413C5800C779E8 /* TableViewController.swift in Sources */,
			);
			runOnlyForDeploymentPostprocessing = 0;
		};
/* End PBXSourcesBuildPhase section */

/* Begin PBXVariantGroup section */
		BDFBC25D1D413C3000C779E8 /* Main.storyboard */ = {
			isa = PBXVariantGroup;
			children = (
				BDFBC25E1D413C3000C779E8 /* Base */,
			);
			name = Main.storyboard;
			sourceTree = "<group>";
		};
		BDFBC2621D413C3000C779E8 /* LaunchScreen.storyboard */ = {
			isa = PBXVariantGroup;
			children = (
				BDFBC2631D413C3000C779E8 /* Base */,
			);
			name = LaunchScreen.storyboard;
			sourceTree = "<group>";
		};
/* End PBXVariantGroup section */

/* Begin XCBuildConfiguration section */
		BDFBC2661D413C3000C779E8 /* Debug */ = {
			isa = XCBuildConfiguration;
			buildSettings = {
				ALWAYS_SEARCH_USER_PATHS = NO;
				CLANG_ANALYZER_NONNULL = YES;
				CLANG_CXX_LANGUAGE_STANDARD = "gnu++0x";
				CLANG_CXX_LIBRARY = "libc++";
				CLANG_ENABLE_MODULES = YES;
				CLANG_ENABLE_OBJC_ARC = YES;
				CLANG_WARN_BOOL_CONVERSION = YES;
				CLANG_WARN_CONSTANT_CONVERSION = YES;
				CLANG_WARN_DIRECT_OBJC_ISA_USAGE = YES_ERROR;
				CLANG_WARN_EMPTY_BODY = YES;
				CLANG_WARN_ENUM_CONVERSION = YES;
				CLANG_WARN_INT_CONVERSION = YES;
				CLANG_WARN_OBJC_ROOT_CLASS = YES_ERROR;
				CLANG_WARN_UNREACHABLE_CODE = YES;
				CLANG_WARN__DUPLICATE_METHOD_MATCH = YES;
				"CODE_SIGN_IDENTITY[sdk=iphoneos*]" = "iPhone Developer";
				COPY_PHASE_STRIP = NO;
				DEBUG_INFORMATION_FORMAT = dwarf;
				ENABLE_STRICT_OBJC_MSGSEND = YES;
				ENABLE_TESTABILITY = YES;
				GCC_C_LANGUAGE_STANDARD = gnu99;
				GCC_DYNAMIC_NO_PIC = NO;
				GCC_NO_COMMON_BLOCKS = YES;
				GCC_OPTIMIZATION_LEVEL = 0;
				GCC_PREPROCESSOR_DEFINITIONS = (
					"DEBUG=1",
					"$(inherited)",
				);
				GCC_WARN_64_TO_32_BIT_CONVERSION = YES;
				GCC_WARN_ABOUT_RETURN_TYPE = YES_ERROR;
				GCC_WARN_UNDECLARED_SELECTOR = YES;
				GCC_WARN_UNINITIALIZED_AUTOS = YES_AGGRESSIVE;
				GCC_WARN_UNUSED_FUNCTION = YES;
				GCC_WARN_UNUSED_VARIABLE = YES;
				IPHONEOS_DEPLOYMENT_TARGET = 9.3;
				MTL_ENABLE_DEBUG_INFO = YES;
				ONLY_ACTIVE_ARCH = YES;
				SDKROOT = iphoneos;
				SWIFT_OPTIMIZATION_LEVEL = "-Onone";
			};
			name = Debug;
		};
		BDFBC2671D413C3000C779E8 /* Release */ = {
			isa = XCBuildConfiguration;
			buildSettings = {
				ALWAYS_SEARCH_USER_PATHS = NO;
				CLANG_ANALYZER_NONNULL = YES;
				CLANG_CXX_LANGUAGE_STANDARD = "gnu++0x";
				CLANG_CXX_LIBRARY = "libc++";
				CLANG_ENABLE_MODULES = YES;
				CLANG_ENABLE_OBJC_ARC = YES;
				CLANG_WARN_BOOL_CONVERSION = YES;
				CLANG_WARN_CONSTANT_CONVERSION = YES;
				CLANG_WARN_DIRECT_OBJC_ISA_USAGE = YES_ERROR;
				CLANG_WARN_EMPTY_BODY = YES;
				CLANG_WARN_ENUM_CONVERSION = YES;
				CLANG_WARN_INT_CONVERSION = YES;
				CLANG_WARN_OBJC_ROOT_CLASS = YES_ERROR;
				CLANG_WARN_UNREACHABLE_CODE = YES;
				CLANG_WARN__DUPLICATE_METHOD_MATCH = YES;
				"CODE_SIGN_IDENTITY[sdk=iphoneos*]" = "iPhone Developer";
				COPY_PHASE_STRIP = NO;
				DEBUG_INFORMATION_FORMAT = "dwarf-with-dsym";
				ENABLE_NS_ASSERTIONS = NO;
				ENABLE_STRICT_OBJC_MSGSEND = YES;
				GCC_C_LANGUAGE_STANDARD = gnu99;
				GCC_NO_COMMON_BLOCKS = YES;
				GCC_WARN_64_TO_32_BIT_CONVERSION = YES;
				GCC_WARN_ABOUT_RETURN_TYPE = YES_ERROR;
				GCC_WARN_UNDECLARED_SELECTOR = YES;
				GCC_WARN_UNINITIALIZED_AUTOS = YES_AGGRESSIVE;
				GCC_WARN_UNUSED_FUNCTION = YES;
				GCC_WARN_UNUSED_VARIABLE = YES;
				IPHONEOS_DEPLOYMENT_TARGET = 9.3;
				MTL_ENABLE_DEBUG_INFO = NO;
				SDKROOT = iphoneos;
				VALIDATE_PRODUCT = YES;
			};
			name = Release;
		};
		BDFBC2691D413C3000C779E8 /* Debug */ = {
			isa = XCBuildConfiguration;
			buildSettings = {
				ASSETCATALOG_COMPILER_APPICON_NAME = AppIcon;
				INFOPLIST_FILE = "ios-swift-intro-to-tableviews/Info.plist";
				LD_RUNPATH_SEARCH_PATHS = "$(inherited) @executable_path/Frameworks";
				PRODUCT_BUNDLE_IDENTIFIER = "com.angelicabato.ios-swift-intro-to-tableviews";
				PRODUCT_NAME = "$(TARGET_NAME)";
			};
			name = Debug;
		};
		BDFBC26A1D413C3000C779E8 /* Release */ = {
			isa = XCBuildConfiguration;
			buildSettings = {
				ASSETCATALOG_COMPILER_APPICON_NAME = AppIcon;
				INFOPLIST_FILE = "ios-swift-intro-to-tableviews/Info.plist";
				LD_RUNPATH_SEARCH_PATHS = "$(inherited) @executable_path/Frameworks";
				PRODUCT_BUNDLE_IDENTIFIER = "com.angelicabato.ios-swift-intro-to-tableviews";
				PRODUCT_NAME = "$(TARGET_NAME)";
			};
			name = Release;
		};
/* End XCBuildConfiguration section */

/* Begin XCConfigurationList section */
		BDFBC2511D413C3000C779E8 /* Build configuration list for PBXProject "ios-swift-intro-to-tableviews" */ = {
			isa = XCConfigurationList;
			buildConfigurations = (
				BDFBC2661D413C3000C779E8 /* Debug */,
				BDFBC2671D413C3000C779E8 /* Release */,
			);
			defaultConfigurationIsVisible = 0;
			defaultConfigurationName = Release;
		};
		BDFBC2681D413C3000C779E8 /* Build configuration list for PBXNativeTarget "ios-swift-intro-to-tableviews" */ = {
			isa = XCConfigurationList;
			buildConfigurations = (
				BDFBC2691D413C3000C779E8 /* Debug */,
				BDFBC26A1D413C3000C779E8 /* Release */,
			);
			defaultConfigurationIsVisible = 0;
		};
/* End XCConfigurationList section */
	};
	rootObject = BDFBC24E1D413C3000C779E8 /* Project object */;
}
